
Microsoft Visual Studio Solution File, Format Version 12.00
# Visual Studio Version 17
VisualStudioVersion = 17.6.33723.286
MinimumVisualStudioVersion = 10.0.40219.1
Project("{9A19103F-16F7-4668-BE54-9A1E7A4F7556}") = "IO.Swagger", "IO.Swagger\IO.Swagger.csproj", "{9EA354DD-1A80-4CA4-B975-3AD909FBB905}"
EndProject
Global
	GlobalSection(SolutionConfigurationPlatforms) = preSolution
		Debug|Any CPU = Debug|Any CPU
		Release|Any CPU = Release|Any CPU
	EndGlobalSection
	GlobalSection(ProjectConfigurationPlatforms) = postSolution
		{9EA354DD-1A80-4CA4-B975-3AD909FBB905}.Debug|Any CPU.ActiveCfg = Debug|Any CPU
		{9EA354DD-1A80-4CA4-B975-3AD909FBB905}.Debug|Any CPU.Build.0 = Debug|Any CPU
		{9EA354DD-1A80-4CA4-B975-3AD909FBB905}.Release|Any CPU.ActiveCfg = Release|Any CPU
		{9EA354DD-1A80-4CA4-B975-3AD909FBB905}.Release|Any CPU.Build.0 = Release|Any CPU
	EndGlobalSection
	GlobalSection(SolutionProperties) = preSolution
		HideSolutionNode = FALSE
	EndGlobalSection
	GlobalSection(ExtensibilityGlobals) = postSolution
		SolutionGuid = {37607772-AD23-44AD-9720-5012D1FCF874}
	EndGlobalSection
EndGlobal
